<?xml version="1.0" encoding="utf-8"?>
<Project ToolsVersion="4.0" xmlns="http://schemas.microsoft.com/developer/msbuild/2003">
  <ItemGroup>
    <Filter Include="소스 파일">
      <UniqueIdentifier>{4FC737F1-C7A5-4376-A066-2A32D752A2FF}</UniqueIdentifier>
      <Extensions>cpp;c;cc;cxx;def;odl;idl;hpj;bat;asm;asmx</Extensions>
    </Filter>
    <Filter Include="리소스 파일">
      <UniqueIdentifier>{67DA6AB6-F800-4c08-8B7A-83BB121AAD01}</UniqueIdentifier>
      <Extensions>rc;ico;cur;bmp;dlg;rc2;rct;bin;rgs;gif;jpg;jpeg;jpe;resx;tiff;tif;png;wav;mfcribbon-ms</Extensions>
    </Filter>
    <Filter Include="헤더 파일">
      <UniqueIdentifier>{93995380-89BD-4b04-88EB-625FBE52EBFB}</UniqueIdentifier>
      <Extensions>h;hh;hpp;hxx;hm;inl;inc;xsd</Extensions>
    </Filter>
  </ItemGroup>
  <ItemGroup>
    <Text Include="Form.txt">
      <Filter>헤더 파일</Filter>
    </Text>
    <Text Include="input.txt">
      <Filter>헤더 파일</Filter>
    </Text>
    <Text Include="output.txt">
      <Filter>헤더 파일</Filter>
    </Text>
  </ItemGroup>
  <ItemGroup>
    <ClCompile Include="1173.cpp">
      <Filter>소스 파일</Filter>
    </ClCompile>
    <ClCompile Include="1225.cpp">
      <Filter>소스 파일</Filter>
    </ClCompile>
    <ClCompile Include="1059.cpp">
      <Filter>소스 파일</Filter>
    </ClCompile>
    <ClCompile Include="1103.cpp">
      <Filter>소스 파일</Filter>
    </ClCompile>
    <ClCompile Include="20166.cpp">
      <Filter>소스 파일</Filter>
    </ClCompile>
    <ClCompile Include="1823.cpp">
      <Filter>소스 파일</Filter>
    </ClCompile>
    <ClCompile Include="2565.cpp">
      <Filter>소스 파일</Filter>
    </ClCompile>
    <ClCompile Include="20366.cpp">
      <Filter>소스 파일</Filter>
    </ClCompile>
    <ClCompile Include="23801.cpp">
      <Filter>소스 파일</Filter>
    </ClCompile>
    <ClCompile Include="2421.cpp">
      <Filter>소스 파일</Filter>
    </ClCompile>
    <ClCompile Include="14284.cpp">
      <Filter>소스 파일</Filter>
    </ClCompile>
    <ClCompile Include="2195.cpp">
      <Filter>소스 파일</Filter>
    </ClCompile>
    <ClCompile Include="2300.cpp">
      <Filter>소스 파일</Filter>
    </ClCompile>
    <ClCompile Include="20419.cpp">
      <Filter>소스 파일</Filter>
    </ClCompile>
    <ClCompile Include="16118.cpp">
      <Filter>소스 파일</Filter>
    </ClCompile>
    <ClCompile Include="10422.cpp">
      <Filter>소스 파일</Filter>
    </ClCompile>
    <ClCompile Include="20005.cpp">
      <Filter>소스 파일</Filter>
    </ClCompile>
    <ClCompile Include="11909.cpp">
      <Filter>소스 파일</Filter>
    </ClCompile>
    <ClCompile Include="20188.cpp">
      <Filter>소스 파일</Filter>
    </ClCompile>
    <ClCompile Include="21738.cpp">
      <Filter>소스 파일</Filter>
    </ClCompile>
    <ClCompile Include="16198.cpp">
      <Filter>소스 파일</Filter>
    </ClCompile>
    <ClCompile Include="18430.cpp">
      <Filter>소스 파일</Filter>
    </ClCompile>
    <ClCompile Include="9944.cpp">
      <Filter>소스 파일</Filter>
    </ClCompile>
    <ClCompile Include="2014.cpp">
      <Filter>소스 파일</Filter>
    </ClCompile>
    <ClCompile Include="25195.cpp">
      <Filter>소스 파일</Filter>
    </ClCompile>
    <ClCompile Include="7696.cpp">
      <Filter>소스 파일</Filter>
    </ClCompile>
    <ClCompile Include="23843.cpp">
      <Filter>소스 파일</Filter>
    </ClCompile>
    <ClCompile Include="16973.cpp">
      <Filter>소스 파일</Filter>
    </ClCompile>
    <ClCompile Include="1379.cpp">
      <Filter>소스 파일</Filter>
    </ClCompile>
    <ClCompile Include="1933.cpp">
      <Filter>소스 파일</Filter>
    </ClCompile>
    <ClCompile Include="14567.cpp">
      <Filter>소스 파일</Filter>
    </ClCompile>
    <ClCompile Include="25215.cpp">
      <Filter>소스 파일</Filter>
    </ClCompile>
    <ClCompile Include="1253.cpp">
      <Filter>소스 파일</Filter>
    </ClCompile>
    <ClCompile Include="7490.cpp">
      <Filter>소스 파일</Filter>
    </ClCompile>
    <ClCompile Include="14466.cpp">
      <Filter>소스 파일</Filter>
    </ClCompile>
    <ClCompile Include="6137.cpp">
      <Filter>소스 파일</Filter>
    </ClCompile>
    <ClCompile Include="2539.cpp">
      <Filter>소스 파일</Filter>
    </ClCompile>
    <ClCompile Include="6209.cpp">
      <Filter>소스 파일</Filter>
    </ClCompile>
    <ClCompile Include="1022.cpp">
      <Filter>소스 파일</Filter>
    </ClCompile>
    <ClCompile Include="1976.cpp">
      <Filter>소스 파일</Filter>
    </ClCompile>
    <ClCompile Include="3151.cpp">
      <Filter>소스 파일</Filter>
    </ClCompile>
    <ClCompile Include="17069.cpp">
      <Filter>소스 파일</Filter>
    </ClCompile>
    <ClCompile Include="1517.cpp">
      <Filter>소스 파일</Filter>
    </ClCompile>
    <ClCompile Include="8913.cpp">
      <Filter>소스 파일</Filter>
    </ClCompile>
    <ClCompile Include="!7512.cpp">
      <Filter>소스 파일</Filter>
    </ClCompile>
    <ClCompile Include="23085.cpp">
      <Filter>소스 파일</Filter>
    </ClCompile>
    <ClCompile Include="17370.cpp">
      <Filter>소스 파일</Filter>
    </ClCompile>
    <ClCompile Include="2637.cpp">
      <Filter>소스 파일</Filter>
    </ClCompile>
    <ClCompile Include="14425.cpp">
      <Filter>소스 파일</Filter>
    </ClCompile>
    <ClCompile Include="2002.cpp">
      <Filter>소스 파일</Filter>
    </ClCompile>
    <ClCompile Include="2015.cpp">
      <Filter>소스 파일</Filter>
    </ClCompile>
    <ClCompile Include="1662.cpp">
      <Filter>소스 파일</Filter>
    </ClCompile>
    <ClCompile Include="1863.cpp">
      <Filter>소스 파일</Filter>
    </ClCompile>
    <ClCompile Include="3015.cpp">
      <Filter>소스 파일</Filter>
    </ClCompile>
    <ClCompile Include="2931.cpp">
      <Filter>소스 파일</Filter>
    </ClCompile>
    <ClCompile Include="15662.cpp">
      <Filter>소스 파일</Filter>
    </ClCompile>
    <ClCompile Include="2234.cpp">
      <Filter>소스 파일</Filter>
    </ClCompile>
    <ClCompile Include="17845.cpp">
      <Filter>소스 파일</Filter>
    </ClCompile>
    <ClCompile Include="3079.cpp">
      <Filter>소스 파일</Filter>
    </ClCompile>
    <ClCompile Include="2564.cpp">
      <Filter>소스 파일</Filter>
    </ClCompile>
    <ClCompile Include="1043.cpp">
      <Filter>소스 파일</Filter>
    </ClCompile>
    <ClCompile Include="1092.cpp">
      <Filter>소스 파일</Filter>
    </ClCompile>
    <ClCompile Include="11657.cpp">
      <Filter>소스 파일</Filter>
    </ClCompile>
    <ClCompile Include="7570.cpp">
      <Filter>소스 파일</Filter>
    </ClCompile>
    <ClCompile Include="16928.cpp">
      <Filter>소스 파일</Filter>
    </ClCompile>
    <ClCompile Include="11497.cpp">
      <Filter>소스 파일</Filter>
    </ClCompile>
    <ClCompile Include="2174.cpp">
      <Filter>소스 파일</Filter>
    </ClCompile>
  </ItemGroup>
</Project>