<?xml version="1.0" encoding="utf-8"?>
<Project ToolsVersion="4.0" xmlns="http://schemas.microsoft.com/developer/msbuild/2003">
  <ItemGroup>
    <Filter Include="소스 파일">
      <UniqueIdentifier>{4FC737F1-C7A5-4376-A066-2A32D752A2FF}</UniqueIdentifier>
      <Extensions>cpp;c;cc;cxx;def;odl;idl;hpj;bat;asm;asmx</Extensions>
    </Filter>
    <Filter Include="헤더 파일">
      <UniqueIdentifier>{93995380-89BD-4b04-88EB-625FBE52EBFB}</UniqueIdentifier>
      <Extensions>h;hh;hpp;hxx;hm;inl;inc;xsd</Extensions>
    </Filter>
    <Filter Include="리소스 파일">
      <UniqueIdentifier>{67DA6AB6-F800-4c08-8B7A-83BB121AAD01}</UniqueIdentifier>
      <Extensions>rc;ico;cur;bmp;dlg;rc2;rct;bin;rgs;gif;jpg;jpeg;jpe;resx;tiff;tif;png;wav;mfcribbon-ms</Extensions>
    </Filter>
    <Filter Include="소스 파일\1000~1999">
      <UniqueIdentifier>{9b2344aa-eefa-40d2-bea6-4c0ccfe07a30}</UniqueIdentifier>
    </Filter>
    <Filter Include="소스 파일\1~999">
      <UniqueIdentifier>{8883eefd-a7a0-409c-9ade-3314ff9d727d}</UniqueIdentifier>
    </Filter>
    <Filter Include="소스 파일\2000~2999">
      <UniqueIdentifier>{e9a44618-84a0-4762-90c9-b9fce1f5b35c}</UniqueIdentifier>
    </Filter>
    <Filter Include="소스 파일\3000~3999">
      <UniqueIdentifier>{6d180bf9-4cf1-4df0-8feb-b47821788573}</UniqueIdentifier>
    </Filter>
    <Filter Include="소스 파일\4000~4999">
      <UniqueIdentifier>{725a43e2-94c4-42be-ba82-9ab8fc4f2821}</UniqueIdentifier>
    </Filter>
    <Filter Include="소스 파일\5000~5999">
      <UniqueIdentifier>{153ea7a4-d630-45db-8060-f62de8e51ec6}</UniqueIdentifier>
    </Filter>
    <Filter Include="소스 파일\6000~6999">
      <UniqueIdentifier>{76c56c3e-610f-4eec-a244-95ce4d98179f}</UniqueIdentifier>
    </Filter>
    <Filter Include="소스 파일\7000~7999">
      <UniqueIdentifier>{685a37c7-eaf6-453a-8604-5b9f74a9ca54}</UniqueIdentifier>
    </Filter>
    <Filter Include="소스 파일\8000~8999">
      <UniqueIdentifier>{d2c69f03-5774-4824-b098-c9aba3b2ce46}</UniqueIdentifier>
    </Filter>
    <Filter Include="소스 파일\9000~9999">
      <UniqueIdentifier>{d1abd512-3c9c-407c-86c7-91d90a0aae17}</UniqueIdentifier>
    </Filter>
    <Filter Include="소스 파일\10000~10999">
      <UniqueIdentifier>{168d6d5c-b7f3-4b5e-94b6-2351b2550c50}</UniqueIdentifier>
    </Filter>
    <Filter Include="소스 파일\11000~11999">
      <UniqueIdentifier>{3ffc2883-0cf2-4315-a1f1-0b0fb1d35a2c}</UniqueIdentifier>
    </Filter>
  </ItemGroup>
  <ItemGroup>
    <ClCompile Include="1000.c">
      <Filter>소스 파일\1~999</Filter>
    </ClCompile>
    <ClCompile Include="1002.c">
      <Filter>소스 파일\1~999</Filter>
    </ClCompile>
    <ClCompile Include="1003.c">
      <Filter>소스 파일\1~999</Filter>
    </ClCompile>
    <ClCompile Include="1004.c">
      <Filter>소스 파일\1~999</Filter>
    </ClCompile>
    <ClCompile Include="1005.cpp">
      <Filter>소스 파일\1~999</Filter>
    </ClCompile>
    <ClCompile Include="1110.c">
      <Filter>소스 파일\1~999</Filter>
    </ClCompile>
    <ClCompile Include="1149.c">
      <Filter>소스 파일\1~999</Filter>
    </ClCompile>
    <ClCompile Include="1152.c">
      <Filter>소스 파일\1~999</Filter>
    </ClCompile>
    <ClCompile Include="1237.c">
      <Filter>소스 파일\1~999</Filter>
    </ClCompile>
    <ClCompile Include="1309.c">
      <Filter>소스 파일\1~999</Filter>
    </ClCompile>
    <ClCompile Include="1463.c">
      <Filter>소스 파일\1~999</Filter>
    </ClCompile>
    <ClCompile Include="1546.c">
      <Filter>소스 파일\1~999</Filter>
    </ClCompile>
    <ClCompile Include="1924.c">
      <Filter>소스 파일\1~999</Filter>
    </ClCompile>
    <ClCompile Include="1932.c">
      <Filter>소스 파일\1~999</Filter>
    </ClCompile>
    <ClCompile Include="1937.c">
      <Filter>소스 파일\1~999</Filter>
    </ClCompile>
    <ClCompile Include="2163.cpp">
      <Filter>소스 파일\2000~2999</Filter>
    </ClCompile>
    <ClCompile Include="2193.c">
      <Filter>소스 파일\2000~2999</Filter>
    </ClCompile>
    <ClCompile Include="2302.c">
      <Filter>소스 파일\2000~2999</Filter>
    </ClCompile>
    <ClCompile Include="2438.c">
      <Filter>소스 파일\2000~2999</Filter>
    </ClCompile>
    <ClCompile Include="2439.c">
      <Filter>소스 파일\2000~2999</Filter>
    </ClCompile>
    <ClCompile Include="2440.c">
      <Filter>소스 파일\2000~2999</Filter>
    </ClCompile>
    <ClCompile Include="2441.c">
      <Filter>소스 파일\2000~2999</Filter>
    </ClCompile>
    <ClCompile Include="2525.cpp">
      <Filter>소스 파일\2000~2999</Filter>
    </ClCompile>
    <ClCompile Include="2577.c">
      <Filter>소스 파일\2000~2999</Filter>
    </ClCompile>
    <ClCompile Include="2588.cpp">
      <Filter>소스 파일\2000~2999</Filter>
    </ClCompile>
    <ClCompile Include="2739.c">
      <Filter>소스 파일\2000~2999</Filter>
    </ClCompile>
    <ClCompile Include="2741.c">
      <Filter>소스 파일\2000~2999</Filter>
    </ClCompile>
    <ClCompile Include="2742.c">
      <Filter>소스 파일\2000~2999</Filter>
    </ClCompile>
    <ClCompile Include="2747.c">
      <Filter>소스 파일\2000~2999</Filter>
    </ClCompile>
    <ClCompile Include="2839.c">
      <Filter>소스 파일\2000~2999</Filter>
    </ClCompile>
    <ClCompile Include="3046.cpp">
      <Filter>소스 파일\3000~3999</Filter>
    </ClCompile>
    <ClCompile Include="4673.c">
      <Filter>소스 파일\4000~4999</Filter>
    </ClCompile>
    <ClCompile Include="8393.c">
      <Filter>소스 파일\8000~8999</Filter>
    </ClCompile>
    <ClCompile Include="9498.c">
      <Filter>소스 파일\9000~9999</Filter>
    </ClCompile>
    <ClCompile Include="10039.c">
      <Filter>소스 파일\10000~10999</Filter>
    </ClCompile>
    <ClCompile Include="10699.cpp">
      <Filter>소스 파일\10000~10999</Filter>
    </ClCompile>
    <ClCompile Include="10817.c">
      <Filter>소스 파일\10000~10999</Filter>
    </ClCompile>
    <ClCompile Include="10828.c">
      <Filter>소스 파일\10000~10999</Filter>
    </ClCompile>
    <ClCompile Include="10871.c">
      <Filter>소스 파일\10000~10999</Filter>
    </ClCompile>
    <ClCompile Include="11021.cpp">
      <Filter>소스 파일\11000~11999</Filter>
    </ClCompile>
    <ClCompile Include="11022.cpp">
      <Filter>소스 파일\11000~11999</Filter>
    </ClCompile>
    <ClCompile Include="11654.c">
      <Filter>소스 파일\11000~11999</Filter>
    </ClCompile>
    <ClCompile Include="11720.c">
      <Filter>소스 파일\11000~11999</Filter>
    </ClCompile>
    <ClCompile Include="11721.c">
      <Filter>소스 파일\11000~11999</Filter>
    </ClCompile>
    <ClCompile Include="11726.c">
      <Filter>소스 파일\11000~11999</Filter>
    </ClCompile>
    <ClCompile Include="2530.cpp">
      <Filter>소스 파일\2000~2999</Filter>
    </ClCompile>
    <ClCompile Include="2914.cpp">
      <Filter>소스 파일\2000~2999</Filter>
    </ClCompile>
    <ClCompile Include="11653.cpp">
      <Filter>소스 파일\11000~11999</Filter>
    </ClCompile>
    <ClCompile Include="5355.cpp">
      <Filter>소스 파일\5000~5999</Filter>
    </ClCompile>
    <ClCompile Include="1789.cpp">
      <Filter>소스 파일\1000~1999</Filter>
    </ClCompile>
    <ClCompile Include="2675.cpp">
      <Filter>소스 파일\2000~2999</Filter>
    </ClCompile>
    <ClCompile Include="1934.cpp">
      <Filter>소스 파일\1000~1999</Filter>
    </ClCompile>
    <ClCompile Include="2480.cpp">
      <Filter>소스 파일\2000~2999</Filter>
    </ClCompile>
    <ClCompile Include="2753.cpp">
      <Filter>소스 파일\2000~2999</Filter>
    </ClCompile>
    <ClCompile Include="2935.cpp">
      <Filter>소스 파일\2000~2999</Filter>
    </ClCompile>
    <ClCompile Include="3009.cpp">
      <Filter>소스 파일\3000~3999</Filter>
    </ClCompile>
    <ClCompile Include="4101.cpp">
      <Filter>소스 파일\4000~4999</Filter>
    </ClCompile>
    <ClCompile Include="10156cpp.cpp">
      <Filter>소스 파일\10000~10999</Filter>
    </ClCompile>
  </ItemGroup>
  <ItemGroup>
    <Text Include="Form.txt" />
  </ItemGroup>
</Project>