
Microsoft Visual Studio Solution File, Format Version 12.00
# Visual Studio Version 16
VisualStudioVersion = 16.0.29209.62
MinimumVisualStudioVersion = 10.0.40219.1
Project("{8BC9CEB8-8B4A-11D0-8D11-00A0C91BC942}") = "CodeForce", "CodeForce\CodeForce.vcxproj", "{1EE5DBBA-D51F-4CE9-9F3E-D028BEFB56C3}"
EndProject
Global
	GlobalSection(SolutionConfigurationPlatforms) = preSolution
		Debug|x64 = Debug|x64
		Debug|x86 = Debug|x86
		Release|x64 = Release|x64
		Release|x86 = Release|x86
	EndGlobalSection
	GlobalSection(ProjectConfigurationPlatforms) = postSolution
		{1EE5DBBA-D51F-4CE9-9F3E-D028BEFB56C3}.Debug|x64.ActiveCfg = Debug|x64
		{1EE5DBBA-D51F-4CE9-9F3E-D028BEFB56C3}.Debug|x64.Build.0 = Debug|x64
		{1EE5DBBA-D51F-4CE9-9F3E-D028BEFB56C3}.Debug|x86.ActiveCfg = Debug|Win32
		{1EE5DBBA-D51F-4CE9-9F3E-D028BEFB56C3}.Debug|x86.Build.0 = Debug|Win32
		{1EE5DBBA-D51F-4CE9-9F3E-D028BEFB56C3}.Release|x64.ActiveCfg = Release|x64
		{1EE5DBBA-D51F-4CE9-9F3E-D028BEFB56C3}.Release|x64.Build.0 = Release|x64
		{1EE5DBBA-D51F-4CE9-9F3E-D028BEFB56C3}.Release|x86.ActiveCfg = Release|Win32
		{1EE5DBBA-D51F-4CE9-9F3E-D028BEFB56C3}.Release|x86.Build.0 = Release|Win32
	EndGlobalSection
	GlobalSection(SolutionProperties) = preSolution
		HideSolutionNode = FALSE
	EndGlobalSection
	GlobalSection(ExtensibilityGlobals) = postSolution
		SolutionGuid = {04D68481-2EDD-49E1-9D64-E031BA98E752}
	EndGlobalSection
EndGlobal
