<?xml version="1.0" encoding="utf-8"?>
<Project ToolsVersion="4.0" xmlns="http://schemas.microsoft.com/developer/msbuild/2003">
  <ItemGroup>
    <Filter Include="소스 파일">
      <UniqueIdentifier>{4FC737F1-C7A5-4376-A066-2A32D752A2FF}</UniqueIdentifier>
      <Extensions>cpp;c;cc;cxx;def;odl;idl;hpj;bat;asm;asmx</Extensions>
    </Filter>
    <Filter Include="헤더 파일">
      <UniqueIdentifier>{93995380-89BD-4b04-88EB-625FBE52EBFB}</UniqueIdentifier>
      <Extensions>h;hh;hpp;hxx;hm;inl;inc;ipp;xsd</Extensions>
    </Filter>
    <Filter Include="리소스 파일">
      <UniqueIdentifier>{67DA6AB6-F800-4c08-8B7A-83BB121AAD01}</UniqueIdentifier>
      <Extensions>rc;ico;cur;bmp;dlg;rc2;rct;bin;rgs;gif;jpg;jpeg;jpe;resx;tiff;tif;png;wav;mfcribbon-ms</Extensions>
    </Filter>
  </ItemGroup>
  <ItemGroup>
    <ClCompile Include="1. Two Sum.cpp">
      <Filter>소스 파일</Filter>
    </ClCompile>
    <ClCompile Include="2. Add Two Numbers.cpp">
      <Filter>소스 파일</Filter>
    </ClCompile>
    <ClCompile Include="3. Longest Substring Without Repeating Characters.cpp">
      <Filter>소스 파일</Filter>
    </ClCompile>
    <ClCompile Include="4. Median of Two Sorted Arrays.cpp">
      <Filter>소스 파일</Filter>
    </ClCompile>
    <ClCompile Include="5. Longest Palindromic Substring.cpp">
      <Filter>소스 파일</Filter>
    </ClCompile>
    <ClCompile Include="7. Reverse Integer.cpp">
      <Filter>소스 파일</Filter>
    </ClCompile>
    <ClCompile Include="8. String to Integer (atoi).cpp">
      <Filter>소스 파일</Filter>
    </ClCompile>
    <ClCompile Include="9. Palindrome Number.cpp">
      <Filter>소스 파일</Filter>
    </ClCompile>
    <ClCompile Include="6. ZigZag Conversion.cpp">
      <Filter>소스 파일</Filter>
    </ClCompile>
    <ClCompile Include="11. Container With Most Water.cpp">
      <Filter>소스 파일</Filter>
    </ClCompile>
    <ClCompile Include="10. Regular Expression Matching.cpp">
      <Filter>소스 파일</Filter>
    </ClCompile>
    <ClCompile Include="13. Roman to Integer.cpp">
      <Filter>소스 파일</Filter>
    </ClCompile>
    <ClCompile Include="12. Integer to Roman.cpp">
      <Filter>소스 파일</Filter>
    </ClCompile>
    <ClCompile Include="14. Longest Common Prefix.cpp">
      <Filter>소스 파일</Filter>
    </ClCompile>
    <ClCompile Include="15. 3Sum.cpp">
      <Filter>소스 파일</Filter>
    </ClCompile>
    <ClCompile Include="16. 3Sum Closest.cpp">
      <Filter>소스 파일</Filter>
    </ClCompile>
    <ClCompile Include="17. Letter Combinations of a Phone Number.cpp">
      <Filter>소스 파일</Filter>
    </ClCompile>
  </ItemGroup>
  <ItemGroup>
    <ClInclude Include="header.h">
      <Filter>헤더 파일</Filter>
    </ClInclude>
  </ItemGroup>
</Project>