<?xml version="1.0" encoding="utf-8"?>
<Project ToolsVersion="4.0" xmlns="http://schemas.microsoft.com/developer/msbuild/2003">
  <ItemGroup>
    <Filter Include="소스 파일">
      <UniqueIdentifier>{4FC737F1-C7A5-4376-A066-2A32D752A2FF}</UniqueIdentifier>
      <Extensions>cpp;c;cc;cxx;def;odl;idl;hpj;bat;asm;asmx</Extensions>
    </Filter>
    <Filter Include="헤더 파일">
      <UniqueIdentifier>{93995380-89BD-4b04-88EB-625FBE52EBFB}</UniqueIdentifier>
      <Extensions>h;hh;hpp;hxx;hm;inl;inc;ipp;xsd</Extensions>
    </Filter>
    <Filter Include="리소스 파일">
      <UniqueIdentifier>{67DA6AB6-F800-4c08-8B7A-83BB121AAD01}</UniqueIdentifier>
      <Extensions>rc;ico;cur;bmp;dlg;rc2;rct;bin;rgs;gif;jpg;jpeg;jpe;resx;tiff;tif;png;wav;mfcribbon-ms</Extensions>
    </Filter>
  </ItemGroup>
  <ItemGroup>
    <ClCompile Include="1. Two Sum.cpp">
      <Filter>소스 파일</Filter>
    </ClCompile>
    <ClCompile Include="2. Add Two Numbers.cpp">
      <Filter>소스 파일</Filter>
    </ClCompile>
    <ClCompile Include="3. Longest Substring Without Repeating Characters.cpp">
      <Filter>소스 파일</Filter>
    </ClCompile>
    <ClCompile Include="4. Median of Two Sorted Arrays.cpp">
      <Filter>소스 파일</Filter>
    </ClCompile>
    <ClCompile Include="5. Longest Palindromic Substring.cpp">
      <Filter>소스 파일</Filter>
    </ClCompile>
    <ClCompile Include="7. Reverse Integer.cpp">
      <Filter>소스 파일</Filter>
    </ClCompile>
    <ClCompile Include="8. String to Integer (atoi).cpp">
      <Filter>소스 파일</Filter>
    </ClCompile>
    <ClCompile Include="9. Palindrome Number.cpp">
      <Filter>소스 파일</Filter>
    </ClCompile>
    <ClCompile Include="6. ZigZag Conversion.cpp">
      <Filter>소스 파일</Filter>
    </ClCompile>
    <ClCompile Include="11. Container With Most Water.cpp">
      <Filter>소스 파일</Filter>
    </ClCompile>
    <ClCompile Include="10. Regular Expression Matching.cpp">
      <Filter>소스 파일</Filter>
    </ClCompile>
    <ClCompile Include="13. Roman to Integer.cpp">
      <Filter>소스 파일</Filter>
    </ClCompile>
    <ClCompile Include="12. Integer to Roman.cpp">
      <Filter>소스 파일</Filter>
    </ClCompile>
    <ClCompile Include="14. Longest Common Prefix.cpp">
      <Filter>소스 파일</Filter>
    </ClCompile>
    <ClCompile Include="15. 3Sum.cpp">
      <Filter>소스 파일</Filter>
    </ClCompile>
    <ClCompile Include="16. 3Sum Closest.cpp">
      <Filter>소스 파일</Filter>
    </ClCompile>
    <ClCompile Include="17. Letter Combinations of a Phone Number.cpp">
      <Filter>소스 파일</Filter>
    </ClCompile>
    <ClCompile Include="18. 4Sum.cpp">
      <Filter>소스 파일</Filter>
    </ClCompile>
    <ClCompile Include="19. Remove Nth Node From End of List.cpp">
      <Filter>소스 파일</Filter>
    </ClCompile>
    <ClCompile Include="20. Valid Parentheses.cpp">
      <Filter>소스 파일</Filter>
    </ClCompile>
    <ClCompile Include="21. Merge Two Sorted Lists.cpp">
      <Filter>소스 파일</Filter>
    </ClCompile>
    <ClCompile Include="22. Generate Parentheses.cpp">
      <Filter>소스 파일</Filter>
    </ClCompile>
    <ClCompile Include="23. Merge k Sorted Lists.cpp">
      <Filter>소스 파일</Filter>
    </ClCompile>
    <ClCompile Include="24. Swap Nodes in Pairs.cpp">
      <Filter>소스 파일</Filter>
    </ClCompile>
    <ClCompile Include="25. Reverse Nodes in k-Group.cpp">
      <Filter>소스 파일</Filter>
    </ClCompile>
    <ClCompile Include="26. Remove Duplicates from Sorted Array.cpp">
      <Filter>소스 파일</Filter>
    </ClCompile>
    <ClCompile Include="27. Remove Element.cpp">
      <Filter>소스 파일</Filter>
    </ClCompile>
    <ClCompile Include="28. Implement strStr().cpp">
      <Filter>소스 파일</Filter>
    </ClCompile>
    <ClCompile Include="29. Divide Two Integers.cpp">
      <Filter>소스 파일</Filter>
    </ClCompile>
    <ClCompile Include="30. Substring with Concatenation of All Words.cpp">
      <Filter>소스 파일</Filter>
    </ClCompile>
    <ClCompile Include="31. Next Permutation.cpp">
      <Filter>소스 파일</Filter>
    </ClCompile>
    <ClCompile Include="32. Longest Valid Parentheses.cpp">
      <Filter>소스 파일</Filter>
    </ClCompile>
    <ClCompile Include="33. Search in Rotated Sorted Array.cpp">
      <Filter>소스 파일</Filter>
    </ClCompile>
    <ClCompile Include="34. Find First and Last Position of Element in Sorted Array.cpp">
      <Filter>소스 파일</Filter>
    </ClCompile>
    <ClCompile Include="35. Search Insert Position.cpp">
      <Filter>소스 파일</Filter>
    </ClCompile>
    <ClCompile Include="36. Valid Sudoku.cpp">
      <Filter>소스 파일</Filter>
    </ClCompile>
    <ClCompile Include="37. Sudoku Solver.cpp">
      <Filter>소스 파일</Filter>
    </ClCompile>
    <ClCompile Include="38. Count and Say.cpp">
      <Filter>소스 파일</Filter>
    </ClCompile>
    <ClCompile Include="39. Combination Sum.cpp">
      <Filter>소스 파일</Filter>
    </ClCompile>
    <ClCompile Include="40. Combination Sum II.cpp">
      <Filter>소스 파일</Filter>
    </ClCompile>
    <ClCompile Include="41. First Missing Positive.cpp">
      <Filter>소스 파일</Filter>
    </ClCompile>
    <ClCompile Include="42. Trapping Rain Water.cpp">
      <Filter>소스 파일</Filter>
    </ClCompile>
    <ClCompile Include="43. Multiply Strings.cpp">
      <Filter>소스 파일</Filter>
    </ClCompile>
    <ClCompile Include="44. Wildcard Matching.cpp">
      <Filter>소스 파일</Filter>
    </ClCompile>
    <ClCompile Include="45. Jump Game II.cpp">
      <Filter>소스 파일</Filter>
    </ClCompile>
    <ClCompile Include="46. Permutations.cpp">
      <Filter>소스 파일</Filter>
    </ClCompile>
    <ClCompile Include="47. Permutations II.cpp">
      <Filter>소스 파일</Filter>
    </ClCompile>
    <ClCompile Include="48. Rotate Image.cpp">
      <Filter>소스 파일</Filter>
    </ClCompile>
    <ClCompile Include="49. Group Anagrams.cpp">
      <Filter>소스 파일</Filter>
    </ClCompile>
    <ClCompile Include="50. Pow(x, n).cpp">
      <Filter>소스 파일</Filter>
    </ClCompile>
    <ClCompile Include="53. Maximum Subarray.cpp">
      <Filter>소스 파일</Filter>
    </ClCompile>
    <ClCompile Include="51. N-Queens.cpp">
      <Filter>소스 파일</Filter>
    </ClCompile>
    <ClCompile Include="52. N-Queens II.cpp">
      <Filter>소스 파일</Filter>
    </ClCompile>
    <ClCompile Include="54. Spiral Matrix.cpp">
      <Filter>소스 파일</Filter>
    </ClCompile>
    <ClCompile Include="55. Jump Game.cpp">
      <Filter>소스 파일</Filter>
    </ClCompile>
    <ClCompile Include="56. Merge Intervals.cpp">
      <Filter>소스 파일</Filter>
    </ClCompile>
    <ClCompile Include="57. Insert Interval.cpp">
      <Filter>소스 파일</Filter>
    </ClCompile>
    <ClCompile Include="58. Length of Last Word.cpp">
      <Filter>소스 파일</Filter>
    </ClCompile>
    <ClCompile Include="59. Spiral Matrix II.cpp">
      <Filter>소스 파일</Filter>
    </ClCompile>
  </ItemGroup>
  <ItemGroup>
    <ClInclude Include="header.h">
      <Filter>헤더 파일</Filter>
    </ClInclude>
  </ItemGroup>
</Project>