<?xml version="1.0" encoding="utf-8"?>
<Project ToolsVersion="4.0" xmlns="http://schemas.microsoft.com/developer/msbuild/2003">
  <ItemGroup>
    <Filter Include="Source Files">
      <UniqueIdentifier>{4FC737F1-C7A5-4376-A066-2A32D752A2FF}</UniqueIdentifier>
      <Extensions>cpp;c;cc;cxx;def;odl;idl;hpj;bat;asm;asmx</Extensions>
    </Filter>
    <Filter Include="Header Files">
      <UniqueIdentifier>{93995380-89BD-4b04-88EB-625FBE52EBFB}</UniqueIdentifier>
      <Extensions>h;hh;hpp;hxx;hm;inl;inc;ipp;xsd</Extensions>
    </Filter>
    <Filter Include="Resource Files">
      <UniqueIdentifier>{67DA6AB6-F800-4c08-8B7A-83BB121AAD01}</UniqueIdentifier>
      <Extensions>rc;ico;cur;bmp;dlg;rc2;rct;bin;rgs;gif;jpg;jpeg;jpe;resx;tiff;tif;png;wav;mfcribbon-ms</Extensions>
    </Filter>
    <Filter Include="Source Files\CH.06 브루트포스, 재귀">
      <UniqueIdentifier>{f6002c2d-6e80-4db5-b43f-b405b8878f37}</UniqueIdentifier>
    </Filter>
    <Filter Include="Source Files\CH.07 분할, 정복">
      <UniqueIdentifier>{2ec6f5ef-f49b-45d5-b9ad-6d2886d9ff02}</UniqueIdentifier>
    </Filter>
    <Filter Include="Source Files\CH.08 동적 계획법">
      <UniqueIdentifier>{04ffe2e0-e0e2-4ec0-b573-29c8361432d7}</UniqueIdentifier>
    </Filter>
    <Filter Include="Source Files\CH.09 동적 계획법 테크닉">
      <UniqueIdentifier>{db2228d3-2f77-4472-866e-f496d0b28c83}</UniqueIdentifier>
    </Filter>
    <Filter Include="Source Files\CH.16 비트 마스킹">
      <UniqueIdentifier>{c7d35e0c-0747-4e19-b09f-8aab92210663}</UniqueIdentifier>
    </Filter>
    <Filter Include="Source Files\CH.17 부분합">
      <UniqueIdentifier>{741c78b5-0f87-405f-ae2e-e4fff000f359}</UniqueIdentifier>
    </Filter>
    <Filter Include="Source Files\CH.18 선형자료구조">
      <UniqueIdentifier>{0b422d66-2e76-4819-8ab4-bd470d0f2095}</UniqueIdentifier>
    </Filter>
    <Filter Include="Source Files\CH.19 큐와스택데크">
      <UniqueIdentifier>{251be962-3b2d-42b6-a9b1-11faeb172985}</UniqueIdentifier>
    </Filter>
    <Filter Include="Source Files\CH.20 문자열">
      <UniqueIdentifier>{01bc4f79-dc3d-4be8-ae2b-e71a08e4ebb7}</UniqueIdentifier>
    </Filter>
  </ItemGroup>
  <ItemGroup>
    <ClCompile Include="6장 무식하게 풀기(brute force)\보글 게임.cpp">
      <Filter>Source Files\CH.06 브루트포스, 재귀</Filter>
    </ClCompile>
    <ClCompile Include="6장 무식하게 풀기(brute force)\소풍.cpp">
      <Filter>Source Files\CH.06 브루트포스, 재귀</Filter>
    </ClCompile>
    <ClCompile Include="6장 무식하게 풀기(brute force)\게임판 덮기.cpp">
      <Filter>Source Files\CH.06 브루트포스, 재귀</Filter>
    </ClCompile>
    <ClCompile Include="6장 무식하게 풀기(brute force)\여행하는 외판원 문제.cpp">
      <Filter>Source Files\CH.06 브루트포스, 재귀</Filter>
    </ClCompile>
    <ClCompile Include="6장 무식하게 풀기(brute force)\시계맞추기.cpp">
      <Filter>Source Files\CH.06 브루트포스, 재귀</Filter>
    </ClCompile>
    <ClCompile Include="7장 분할 정복\쿼드 트리 뒤집기.cpp">
      <Filter>Source Files\CH.07 분할, 정복</Filter>
    </ClCompile>
    <ClCompile Include="7장 분할 정복\예제.cpp">
      <Filter>Source Files\CH.07 분할, 정복</Filter>
    </ClCompile>
    <ClCompile Include="7장 분할 정복\울타리 잘라내기.cpp">
      <Filter>Source Files\CH.07 분할, 정복</Filter>
    </ClCompile>
    <ClCompile Include="8장 동적 계획법\삼각형위의최대경로.cpp">
      <Filter>Source Files\CH.08 동적 계획법</Filter>
    </ClCompile>
    <ClCompile Include="8장 동적 계획법\예제.cpp">
      <Filter>Source Files\CH.08 동적 계획법</Filter>
    </ClCompile>
    <ClCompile Include="8장 동적 계획법\와일드카드.cpp">
      <Filter>Source Files\CH.08 동적 계획법</Filter>
    </ClCompile>
    <ClCompile Include="8장 동적 계획법\외발뛰기.cpp">
      <Filter>Source Files\CH.08 동적 계획법</Filter>
    </ClCompile>
    <ClCompile Include="7장 분할 정복\팬미팅.cpp">
      <Filter>Source Files\CH.07 분할, 정복</Filter>
    </ClCompile>
    <ClCompile Include="8장 동적 계획법\Quantization.cpp">
      <Filter>Source Files\CH.08 동적 계획법</Filter>
    </ClCompile>
    <ClCompile Include="8장 동적 계획법\원주율 외우기.cpp">
      <Filter>Source Files\CH.08 동적 계획법</Filter>
    </ClCompile>
    <ClCompile Include="8장 동적 계획법\최대 증가 부분 수열.cpp">
      <Filter>Source Files\CH.08 동적 계획법</Filter>
    </ClCompile>
    <ClCompile Include="8장 동적 계획법\합친LIS.cpp">
      <Filter>Source Files\CH.08 동적 계획법</Filter>
    </ClCompile>
    <ClCompile Include="8장 동적 계획법\ASYMTILING.cpp">
      <Filter>Source Files\CH.08 동적 계획법</Filter>
    </ClCompile>
    <ClCompile Include="8장 동적 계획법\SNAIL.cpp">
      <Filter>Source Files\CH.08 동적 계획법</Filter>
    </ClCompile>
    <ClCompile Include="8장 동적 계획법\TILING2.cpp">
      <Filter>Source Files\CH.08 동적 계획법</Filter>
    </ClCompile>
    <ClCompile Include="8장 동적 계획법\TRIPATHCNT.cpp">
      <Filter>Source Files\CH.08 동적 계획법</Filter>
    </ClCompile>
    <ClCompile Include="NUMB3RS.cpp">
      <Filter>Source Files\CH.08 동적 계획법</Filter>
    </ClCompile>
    <ClCompile Include="8장 동적 계획법\POLY.cpp">
      <Filter>Source Files\CH.08 동적 계획법</Filter>
    </ClCompile>
    <ClCompile Include="9장 동적 계획법 테크닉\여행 짐 싸기.cpp">
      <Filter>Source Files\CH.09 동적 계획법 테크닉</Filter>
    </ClCompile>
    <ClCompile Include="9장 동적 계획법 테크닉\광학 문자 인식.cpp">
      <Filter>Source Files\CH.09 동적 계획법 테크닉</Filter>
    </ClCompile>
    <ClCompile Include="16장 비트마스크\GRADUATION.cpp">
      <Filter>Source Files\CH.16 비트 마스킹</Filter>
    </ClCompile>
    <ClCompile Include="17장 부분합\CHRISTMAS.cpp">
      <Filter>Source Files\CH.17 부분합</Filter>
    </ClCompile>
    <ClCompile Include="18장 선형자료구조\JOSEPHUS.cpp">
      <Filter>Source Files\CH.18 선형자료구조</Filter>
    </ClCompile>
    <ClCompile Include="19장 큐와스택데크\BRACKETS2.cpp">
      <Filter>Source Files\CH.19 큐와스택데크</Filter>
    </ClCompile>
    <ClCompile Include="19장 큐와스택데크\ITES.cpp">
      <Filter>Source Files\CH.19 큐와스택데크</Filter>
    </ClCompile>
    <ClCompile Include="20장 문자열\NAMING.cpp">
      <Filter>Source Files\CH.20 문자열</Filter>
    </ClCompile>
    <ClCompile Include="20장 문자열\PALINDROMIZE.cpp">
      <Filter>Source Files\CH.20 문자열</Filter>
    </ClCompile>
  </ItemGroup>
  <ItemGroup>
    <Text Include="9장 동적 계획법 테크닉\문제목록.txt">
      <Filter>Header Files</Filter>
    </Text>
  </ItemGroup>
</Project>