<?xml version="1.0" encoding="utf-8"?>
<Project ToolsVersion="4.0" xmlns="http://schemas.microsoft.com/developer/msbuild/2003">
  <ItemGroup>
    <Filter Include="Source Files">
      <UniqueIdentifier>{4FC737F1-C7A5-4376-A066-2A32D752A2FF}</UniqueIdentifier>
      <Extensions>cpp;c;cc;cxx;def;odl;idl;hpj;bat;asm;asmx</Extensions>
    </Filter>
    <Filter Include="Header Files">
      <UniqueIdentifier>{93995380-89BD-4b04-88EB-625FBE52EBFB}</UniqueIdentifier>
      <Extensions>h;hh;hpp;hxx;hm;inl;inc;ipp;xsd</Extensions>
    </Filter>
    <Filter Include="Resource Files">
      <UniqueIdentifier>{67DA6AB6-F800-4c08-8B7A-83BB121AAD01}</UniqueIdentifier>
      <Extensions>rc;ico;cur;bmp;dlg;rc2;rct;bin;rgs;gif;jpg;jpeg;jpe;resx;tiff;tif;png;wav;mfcribbon-ms</Extensions>
    </Filter>
    <Filter Include="Source Files\CH.06 브루트포스, 재귀">
      <UniqueIdentifier>{f6002c2d-6e80-4db5-b43f-b405b8878f37}</UniqueIdentifier>
    </Filter>
    <Filter Include="Source Files\CH.07 분할, 정복">
      <UniqueIdentifier>{2ec6f5ef-f49b-45d5-b9ad-6d2886d9ff02}</UniqueIdentifier>
    </Filter>
    <Filter Include="Source Files\CH.08 동적 계획법">
      <UniqueIdentifier>{04ffe2e0-e0e2-4ec0-b573-29c8361432d7}</UniqueIdentifier>
    </Filter>
  </ItemGroup>
  <ItemGroup>
    <ClCompile Include="6장 무식하게 풀기(brute force)\보글 게임.cpp">
      <Filter>Source Files\CH.06 브루트포스, 재귀</Filter>
    </ClCompile>
    <ClCompile Include="6장 무식하게 풀기(brute force)\소풍.cpp">
      <Filter>Source Files\CH.06 브루트포스, 재귀</Filter>
    </ClCompile>
    <ClCompile Include="6장 무식하게 풀기(brute force)\게임판 덮기.cpp">
      <Filter>Source Files\CH.06 브루트포스, 재귀</Filter>
    </ClCompile>
    <ClCompile Include="6장 무식하게 풀기(brute force)\여행하는 외판원 문제.cpp">
      <Filter>Source Files\CH.06 브루트포스, 재귀</Filter>
    </ClCompile>
    <ClCompile Include="6장 무식하게 풀기(brute force)\시계맞추기.cpp">
      <Filter>Source Files\CH.06 브루트포스, 재귀</Filter>
    </ClCompile>
    <ClCompile Include="7장 분할 정복\쿼드 트리 뒤집기.cpp">
      <Filter>Source Files\CH.07 분할, 정복</Filter>
    </ClCompile>
    <ClCompile Include="7장 분할 정복\예제.cpp">
      <Filter>Source Files\CH.07 분할, 정복</Filter>
    </ClCompile>
    <ClCompile Include="7장 분할 정복\울타리 잘라내기.cpp">
      <Filter>Source Files\CH.07 분할, 정복</Filter>
    </ClCompile>
    <ClCompile Include="8장 동적 계획법\삼각형위의최대경로.cpp">
      <Filter>Source Files\CH.08 동적 계획법</Filter>
    </ClCompile>
    <ClCompile Include="8장 동적 계획법\예제.cpp">
      <Filter>Source Files\CH.08 동적 계획법</Filter>
    </ClCompile>
    <ClCompile Include="8장 동적 계획법\와일드카드.cpp">
      <Filter>Source Files\CH.08 동적 계획법</Filter>
    </ClCompile>
    <ClCompile Include="8장 동적 계획법\외발뛰기.cpp">
      <Filter>Source Files\CH.08 동적 계획법</Filter>
    </ClCompile>
    <ClCompile Include="7장 분할 정복\팬미팅.cpp">
      <Filter>Source Files\CH.07 분할, 정복</Filter>
    </ClCompile>
    <ClCompile Include="8장 동적 계획법\Quantization.cpp">
      <Filter>Source Files\CH.08 동적 계획법</Filter>
    </ClCompile>
    <ClCompile Include="8장 동적 계획법\원주율 외우기.cpp">
      <Filter>Source Files\CH.08 동적 계획법</Filter>
    </ClCompile>
    <ClCompile Include="8장 동적 계획법\최대 증가 부분 수열.cpp">
      <Filter>Source Files\CH.08 동적 계획법</Filter>
    </ClCompile>
    <ClCompile Include="8장 동적 계획법\합친LIS.cpp">
      <Filter>Source Files\CH.08 동적 계획법</Filter>
    </ClCompile>
    <ClCompile Include="8장 동적 계획법\ASYMTILING.cpp">
      <Filter>Source Files\CH.08 동적 계획법</Filter>
    </ClCompile>
    <ClCompile Include="8장 동적 계획법\SNAIL.cpp">
      <Filter>Source Files\CH.08 동적 계획법</Filter>
    </ClCompile>
    <ClCompile Include="8장 동적 계획법\TILING2.cpp">
      <Filter>Source Files\CH.08 동적 계획법</Filter>
    </ClCompile>
    <ClCompile Include="8장 동적 계획법\TRIPATHCNT.cpp">
      <Filter>Source Files\CH.08 동적 계획법</Filter>
    </ClCompile>
    <ClCompile Include="8장 동적 계획법\POLY.cpp">
      <Filter>Source Files</Filter>
    </ClCompile>
  </ItemGroup>
</Project>